
Microsoft Visual Studio Solution File, Format Version 12.00
Project("{FAE04EC0-301F-11D3-BF4B-00C04F79EFBC}") = "DotnetRPGGame", "DotnetRPGGame\DotnetRPGGame.csproj", "{D33864D4-2430-4CD7-A895-194766BA3A6D}"
EndProject
Project("{FAE04EC0-301F-11D3-BF4B-00C04F79EFBC}") = "RPGGameBLL", "RPGGameBLL\RPGGameBLL.csproj", "{0C86C489-2E98-425D-BEBF-46D8CB0F1608}"
EndProject
Project("{FAE04EC0-301F-11D3-BF4B-00C04F79EFBC}") = "RPGGameDAL", "RPGGameDAL\RPGGameDAL.csproj", "{794D658B-D49B-4E83-A2FA-BB26EF3C2A73}"
EndProject
Project("{FAE04EC0-301F-11D3-BF4B-00C04F79EFBC}") = "RPGGameModel", "RPGGameModel\RPGGameModel.csproj", "{DF0D9A1F-9034-4BDD-9CEF-69CEBD6E2BB3}"
EndProject
Global
	GlobalSection(SolutionConfigurationPlatforms) = preSolution
		Debug|Any CPU = Debug|Any CPU
		Release|Any CPU = Release|Any CPU
	EndGlobalSection
	GlobalSection(ProjectConfigurationPlatforms) = postSolution
		{D33864D4-2430-4CD7-A895-194766BA3A6D}.Debug|Any CPU.ActiveCfg = Debug|Any CPU
		{D33864D4-2430-4CD7-A895-194766BA3A6D}.Debug|Any CPU.Build.0 = Debug|Any CPU
		{D33864D4-2430-4CD7-A895-194766BA3A6D}.Release|Any CPU.ActiveCfg = Release|Any CPU
		{D33864D4-2430-4CD7-A895-194766BA3A6D}.Release|Any CPU.Build.0 = Release|Any CPU
		{0C86C489-2E98-425D-BEBF-46D8CB0F1608}.Debug|Any CPU.ActiveCfg = Debug|Any CPU
		{0C86C489-2E98-425D-BEBF-46D8CB0F1608}.Debug|Any CPU.Build.0 = Debug|Any CPU
		{0C86C489-2E98-425D-BEBF-46D8CB0F1608}.Release|Any CPU.ActiveCfg = Release|Any CPU
		{0C86C489-2E98-425D-BEBF-46D8CB0F1608}.Release|Any CPU.Build.0 = Release|Any CPU
		{794D658B-D49B-4E83-A2FA-BB26EF3C2A73}.Debug|Any CPU.ActiveCfg = Debug|Any CPU
		{794D658B-D49B-4E83-A2FA-BB26EF3C2A73}.Debug|Any CPU.Build.0 = Debug|Any CPU
		{794D658B-D49B-4E83-A2FA-BB26EF3C2A73}.Release|Any CPU.ActiveCfg = Release|Any CPU
		{794D658B-D49B-4E83-A2FA-BB26EF3C2A73}.Release|Any CPU.Build.0 = Release|Any CPU
		{DF0D9A1F-9034-4BDD-9CEF-69CEBD6E2BB3}.Debug|Any CPU.ActiveCfg = Debug|Any CPU
		{DF0D9A1F-9034-4BDD-9CEF-69CEBD6E2BB3}.Debug|Any CPU.Build.0 = Debug|Any CPU
		{DF0D9A1F-9034-4BDD-9CEF-69CEBD6E2BB3}.Release|Any CPU.ActiveCfg = Release|Any CPU
		{DF0D9A1F-9034-4BDD-9CEF-69CEBD6E2BB3}.Release|Any CPU.Build.0 = Release|Any CPU
	EndGlobalSection
EndGlobal
